
Microsoft Visual Studio Solution File, Format Version 12.00
# Visual Studio Version 16
VisualStudioVersion = 25.0.1706.5
MinimumVisualStudioVersion = 10.0.40219.1
Project("{FAE04EC0-301F-11D3-BF4B-00C04F79EFBC}") = "lionturtle", "lionturtle\lionturtle.csproj", "{6ACA3C0C-87FF-4DC1-8B3F-6E84C486FCB1}"
EndProject
Project("{FAE04EC0-301F-11D3-BF4B-00C04F79EFBC}") = "lionturtle-test", "lionturtle-test\lionturtle-test.csproj", "{D776AFCF-BEDD-4264-8AAC-2E698E2795B7}"
EndProject
Global
	GlobalSection(SolutionConfigurationPlatforms) = preSolution
		Debug|Any CPU = Debug|Any CPU
		Release|Any CPU = Release|Any CPU
	EndGlobalSection
	GlobalSection(ProjectConfigurationPlatforms) = postSolution
		{6ACA3C0C-87FF-4DC1-8B3F-6E84C486FCB1}.Debug|Any CPU.ActiveCfg = Debug|Any CPU
		{6ACA3C0C-87FF-4DC1-8B3F-6E84C486FCB1}.Debug|Any CPU.Build.0 = Debug|Any CPU
		{6ACA3C0C-87FF-4DC1-8B3F-6E84C486FCB1}.Release|Any CPU.ActiveCfg = Release|Any CPU
		{6ACA3C0C-87FF-4DC1-8B3F-6E84C486FCB1}.Release|Any CPU.Build.0 = Release|Any CPU
		{D776AFCF-BEDD-4264-8AAC-2E698E2795B7}.Debug|Any CPU.ActiveCfg = Debug|Any CPU
		{D776AFCF-BEDD-4264-8AAC-2E698E2795B7}.Debug|Any CPU.Build.0 = Debug|Any CPU
		{D776AFCF-BEDD-4264-8AAC-2E698E2795B7}.Release|Any CPU.ActiveCfg = Release|Any CPU
		{D776AFCF-BEDD-4264-8AAC-2E698E2795B7}.Release|Any CPU.Build.0 = Release|Any CPU
	EndGlobalSection
	GlobalSection(SolutionProperties) = preSolution
		HideSolutionNode = FALSE
	EndGlobalSection
	GlobalSection(ExtensibilityGlobals) = postSolution
		SolutionGuid = {3209CD8E-2760-4AD7-9963-443D9F29F755}
	EndGlobalSection
EndGlobal
