
Microsoft Visual Studio Solution File, Format Version 12.00
# Visual Studio Version 17
VisualStudioVersion = 17.5.002.0
MinimumVisualStudioVersion = 10.0.40219.1
Project("{9A19103F-16F7-4668-BE54-9A1E7A4F7556}") = "lionturtle", "lionturtle.csproj", "{1AABBDC5-2AEC-4E8C-A7D9-A99D42D7FEA7}"
EndProject
Global
	GlobalSection(SolutionConfigurationPlatforms) = preSolution
		Debug|Any CPU = Debug|Any CPU
		Release|Any CPU = Release|Any CPU
	EndGlobalSection
	GlobalSection(ProjectConfigurationPlatforms) = postSolution
		{1AABBDC5-2AEC-4E8C-A7D9-A99D42D7FEA7}.Debug|Any CPU.ActiveCfg = Debug|Any CPU
		{1AABBDC5-2AEC-4E8C-A7D9-A99D42D7FEA7}.Debug|Any CPU.Build.0 = Debug|Any CPU
		{1AABBDC5-2AEC-4E8C-A7D9-A99D42D7FEA7}.Release|Any CPU.ActiveCfg = Release|Any CPU
		{1AABBDC5-2AEC-4E8C-A7D9-A99D42D7FEA7}.Release|Any CPU.Build.0 = Release|Any CPU
	EndGlobalSection
	GlobalSection(SolutionProperties) = preSolution
		HideSolutionNode = FALSE
	EndGlobalSection
	GlobalSection(ExtensibilityGlobals) = postSolution
		SolutionGuid = {E0AAC943-2F12-43CE-92EF-5D3F813128EB}
	EndGlobalSection
EndGlobal
